// !$*UTF8*$!
{
	archiveVersion = 1;
	classes = {
	};
	objectVersion = 50;
	objects = {

/* Begin PBXBuildFile section */
		4601A15A25E1328A00691189 /* CircleImage.swift in Sources */ = {isa = PBXBuildFile; fileRef = 4601A15925E1328A00691189 /* CircleImage.swift */; };
		4601A15D25E1335000691189 /* MapView.swift in Sources */ = {isa = PBXBuildFile; fileRef = 4601A15C25E1335000691189 /* MapView.swift */; };
		462CB8B425E1902800B68788 /* Landmark.swift in Sources */ = {isa = PBXBuildFile; fileRef = 462CB8B325E1902800B68788 /* Landmark.swift */; };
		462CB8B725E1906B00B68788 /* landmarkData.json in Resources */ = {isa = PBXBuildFile; fileRef = 462CB8B625E1906B00B68788 /* landmarkData.json */; };
		462CB8BA25E197DB00B68788 /* ModelData.swift in Sources */ = {isa = PBXBuildFile; fileRef = 462CB8B925E197DB00B68788 /* ModelData.swift */; };
		462CB8C025E1991600B68788 /* LandmarkRow.swift in Sources */ = {isa = PBXBuildFile; fileRef = 462CB8BF25E1991600B68788 /* LandmarkRow.swift */; };
		462CB8C325E1A72B00B68788 /* LandmarkList.swift in Sources */ = {isa = PBXBuildFile; fileRef = 462CB8C225E1A72B00B68788 /* LandmarkList.swift */; };
		462CB8C625E1A7F900B68788 /* LandmarkDetail.swift in Sources */ = {isa = PBXBuildFile; fileRef = 462CB8C525E1A7F900B68788 /* LandmarkDetail.swift */; };
		462CB8C925E1C78C00B68788 /* FavoriteButton.swift in Sources */ = {isa = PBXBuildFile; fileRef = 462CB8C825E1C78C00B68788 /* FavoriteButton.swift */; };
		462CB8CF25E1CA7E00B68788 /* HexagonParameters.swift in Sources */ = {isa = PBXBuildFile; fileRef = 462CB8CE25E1CA7E00B68788 /* HexagonParameters.swift */; };
		462CB8D625E1CB5900B68788 /* BadgeBackground.swift in Sources */ = {isa = PBXBuildFile; fileRef = 462CB8D525E1CB5900B68788 /* BadgeBackground.swift */; };
		462CB8D925E1D4D000B68788 /* BadgeSymbol.swift in Sources */ = {isa = PBXBuildFile; fileRef = 462CB8D825E1D4D000B68788 /* BadgeSymbol.swift */; };
		462CB8DC25E1D57400B68788 /* RotatedBadgeSymbol.swift in Sources */ = {isa = PBXBuildFile; fileRef = 462CB8DB25E1D57400B68788 /* RotatedBadgeSymbol.swift */; };
		462CB8DF25E1D5B600B68788 /* Badge.swift in Sources */ = {isa = PBXBuildFile; fileRef = 462CB8DE25E1D5B600B68788 /* Badge.swift */; };
		46BE035E25E27ECE001B06C0 /* hikeData.json in Resources */ = {isa = PBXBuildFile; fileRef = 46BE035D25E27ECE001B06C0 /* hikeData.json */; };
		46BE036125E27EF1001B06C0 /* HikeData.swift in Sources */ = {isa = PBXBuildFile; fileRef = 46BE036025E27EF1001B06C0 /* HikeData.swift */; };
		46BE037625E290FE001B06C0 /* CategoryHome.swift in Sources */ = {isa = PBXBuildFile; fileRef = 46BE037525E290FE001B06C0 /* CategoryHome.swift */; };
		46BE037D25E2AA17001B06C0 /* CategoryRow.swift in Sources */ = {isa = PBXBuildFile; fileRef = 46BE037C25E2AA17001B06C0 /* CategoryRow.swift */; };
		46BE038025E2AC5F001B06C0 /* CategoryItem.swift in Sources */ = {isa = PBXBuildFile; fileRef = 46BE037F25E2AC5F001B06C0 /* CategoryItem.swift */; };
		46BE038325E2B489001B06C0 /* Profile.swift in Sources */ = {isa = PBXBuildFile; fileRef = 46BE038225E2B489001B06C0 /* Profile.swift */; };
		46BE038725E2BBA1001B06C0 /* ProfileHost.swift in Sources */ = {isa = PBXBuildFile; fileRef = 46BE038625E2BBA1001B06C0 /* ProfileHost.swift */; };
		46BE039125E2BC48001B06C0 /* GraphCapsule.swift in Sources */ = {isa = PBXBuildFile; fileRef = 46BE038D25E2BC48001B06C0 /* GraphCapsule.swift */; };
		46BE039225E2BC48001B06C0 /* HikeGraph.swift in Sources */ = {isa = PBXBuildFile; fileRef = 46BE038E25E2BC48001B06C0 /* HikeGraph.swift */; };
		46BE039325E2BC48001B06C0 /* HikeDetail.swift in Sources */ = {isa = PBXBuildFile; fileRef = 46BE038F25E2BC48001B06C0 /* HikeDetail.swift */; };
		46BE039425E2BC48001B06C0 /* HikeView.swift in Sources */ = {isa = PBXBuildFile; fileRef = 46BE039025E2BC48001B06C0 /* HikeView.swift */; };
		46BE039725E2BCFE001B06C0 /* ProfileSummary.swift in Sources */ = {isa = PBXBuildFile; fileRef = 46BE039625E2BCFE001B06C0 /* ProfileSummary.swift */; };
		46BE039A25E2C2B4001B06C0 /* HikeBadge.swift in Sources */ = {isa = PBXBuildFile; fileRef = 46BE039925E2C2B4001B06C0 /* HikeBadge.swift */; };
		46BE039D25E2D880001B06C0 /* ProfileEditor.swift in Sources */ = {isa = PBXBuildFile; fileRef = 46BE039C25E2D880001B06C0 /* ProfileEditor.swift */; };
		46BE03A125E2F075001B06C0 /* PageViewController.swift in Sources */ = {isa = PBXBuildFile; fileRef = 46BE03A025E2F075001B06C0 /* PageViewController.swift */; };
		46BE03A525E2F138001B06C0 /* FeatureCard.swift in Sources */ = {isa = PBXBuildFile; fileRef = 46BE03A425E2F138001B06C0 /* FeatureCard.swift */; };
		46BE03A825E2FC38001B06C0 /* PageView.swift in Sources */ = {isa = PBXBuildFile; fileRef = 46BE03A725E2FC38001B06C0 /* PageView.swift */; };
		46BE03AB25E319BA001B06C0 /* PageControl.swift in Sources */ = {isa = PBXBuildFile; fileRef = 46BE03AA25E319BA001B06C0 /* PageControl.swift */; };
		46BE03B225E31DED001B06C0 /* Assets.xcassets in Resources */ = {isa = PBXBuildFile; fileRef = 46BE03B125E31DED001B06C0 /* Assets.xcassets */; };
		46BE03B925E31DEF001B06C0 /* WatchLandmarks Extension.appex in Embed App Extensions */ = {isa = PBXBuildFile; fileRef = 46BE03B825E31DEF001B06C0 /* WatchLandmarks Extension.appex */; settings = {ATTRIBUTES = (RemoveHeadersOnCopy, ); }; };
		46BE03C025E31DEF001B06C0 /* ContentView.swift in Sources */ = {isa = PBXBuildFile; fileRef = 46BE03BF25E31DEF001B06C0 /* ContentView.swift */; };
		46BE03C225E31DEF001B06C0 /* NotificationController.swift in Sources */ = {isa = PBXBuildFile; fileRef = 46BE03C125E31DEF001B06C0 /* NotificationController.swift */; };
		46BE03C425E31DEF001B06C0 /* NotificationView.swift in Sources */ = {isa = PBXBuildFile; fileRef = 46BE03C325E31DEF001B06C0 /* NotificationView.swift */; };
		46BE03C625E31DEF001B06C0 /* ComplicationController.swift in Sources */ = {isa = PBXBuildFile; fileRef = 46BE03C525E31DEF001B06C0 /* ComplicationController.swift */; };
		46BE03C825E31DF4001B06C0 /* Assets.xcassets in Resources */ = {isa = PBXBuildFile; fileRef = 46BE03C725E31DF4001B06C0 /* Assets.xcassets */; };
		46BE03CB25E31DF4001B06C0 /* Preview Assets.xcassets in Resources */ = {isa = PBXBuildFile; fileRef = 46BE03CA25E31DF4001B06C0 /* Preview Assets.xcassets */; };
		46BE03D025E31DF5001B06C0 /* WatchLandmarks.app in Embed Watch Content */ = {isa = PBXBuildFile; fileRef = 46BE03AF25E31DE6001B06C0 /* WatchLandmarks.app */; settings = {ATTRIBUTES = (RemoveHeadersOnCopy, ); }; };
		46BE03E025E31EE9001B06C0 /* HikeData.swift in Sources */ = {isa = PBXBuildFile; fileRef = 46BE036025E27EF1001B06C0 /* HikeData.swift */; };
		46BE03E125E31EE9001B06C0 /* MapView.swift in Sources */ = {isa = PBXBuildFile; fileRef = 4601A15C25E1335000691189 /* MapView.swift */; };
		46BE03E225E31EE9001B06C0 /* LandmarkRow.swift in Sources */ = {isa = PBXBuildFile; fileRef = 462CB8BF25E1991600B68788 /* LandmarkRow.swift */; };
		46BE03E325E31EE9001B06C0 /* SwiftUI_AppleApp.swift in Sources */ = {isa = PBXBuildFile; fileRef = 46BF129225DF2C9A00DF109B /* SwiftUI_AppleApp.swift */; };
		46BE03E425E31EE9001B06C0 /* ModelData.swift in Sources */ = {isa = PBXBuildFile; fileRef = 462CB8B925E197DB00B68788 /* ModelData.swift */; };
		46BE03E525E31EE9001B06C0 /* Profile.swift in Sources */ = {isa = PBXBuildFile; fileRef = 46BE038225E2B489001B06C0 /* Profile.swift */; };
		46BE03E625E31EE9001B06C0 /* CircleImage.swift in Sources */ = {isa = PBXBuildFile; fileRef = 4601A15925E1328A00691189 /* CircleImage.swift */; };
		46BE03E725E31EE9001B06C0 /* hikeData.json in Resources */ = {isa = PBXBuildFile; fileRef = 46BE035D25E27ECE001B06C0 /* hikeData.json */; };
		46BE03E825E31EE9001B06C0 /* Assets.xcassets in Resources */ = {isa = PBXBuildFile; fileRef = 46BF129625DF2CA200DF109B /* Assets.xcassets */; };
		46BE03E925E31EE9001B06C0 /* Landmark.swift in Sources */ = {isa = PBXBuildFile; fileRef = 462CB8B325E1902800B68788 /* Landmark.swift */; };
		46BE03EA25E31EE9001B06C0 /* landmarkData.json in Resources */ = {isa = PBXBuildFile; fileRef = 462CB8B625E1906B00B68788 /* landmarkData.json */; };
		46BE03EF25E3210B001B06C0 /* LandmarkDetail.swift in Sources */ = {isa = PBXBuildFile; fileRef = 46BE03EE25E3210B001B06C0 /* LandmarkDetail.swift */; };
		46BE03FC25E32F95001B06C0 /* ContentView.swift in Sources */ = {isa = PBXBuildFile; fileRef = 46BE03FB25E32F95001B06C0 /* ContentView.swift */; };
		46BE03FE25E32FA0001B06C0 /* Assets.xcassets in Resources */ = {isa = PBXBuildFile; fileRef = 46BE03FD25E32FA0001B06C0 /* Assets.xcassets */; };
		46BE040125E32FA0001B06C0 /* Preview Assets.xcassets in Resources */ = {isa = PBXBuildFile; fileRef = 46BE040025E32FA0001B06C0 /* Preview Assets.xcassets */; };
		46BE040B25E3300D001B06C0 /* SwiftUI_AppleApp.swift in Sources */ = {isa = PBXBuildFile; fileRef = 46BF129225DF2C9A00DF109B /* SwiftUI_AppleApp.swift */; };
		46BE040C25E3300D001B06C0 /* FavoriteButton.swift in Sources */ = {isa = PBXBuildFile; fileRef = 462CB8C825E1C78C00B68788 /* FavoriteButton.swift */; };
		46BE040D25E3300D001B06C0 /* ModelData.swift in Sources */ = {isa = PBXBuildFile; fileRef = 462CB8B925E197DB00B68788 /* ModelData.swift */; };
		46BE040E25E3300D001B06C0 /* Assets.xcassets in Resources */ = {isa = PBXBuildFile; fileRef = 46BF129625DF2CA200DF109B /* Assets.xcassets */; };
		46BE040F25E3300D001B06C0 /* Landmark.swift in Sources */ = {isa = PBXBuildFile; fileRef = 462CB8B325E1902800B68788 /* Landmark.swift */; };
		46BE041025E3300D001B06C0 /* HikeData.swift in Sources */ = {isa = PBXBuildFile; fileRef = 46BE036025E27EF1001B06C0 /* HikeData.swift */; };
		46BE041125E3300D001B06C0 /* CircleImage.swift in Sources */ = {isa = PBXBuildFile; fileRef = 4601A15925E1328A00691189 /* CircleImage.swift */; };
		46BE041225E3300D001B06C0 /* hikeData.json in Resources */ = {isa = PBXBuildFile; fileRef = 46BE035D25E27ECE001B06C0 /* hikeData.json */; };
		46BE041325E3300D001B06C0 /* MapView.swift in Sources */ = {isa = PBXBuildFile; fileRef = 4601A15C25E1335000691189 /* MapView.swift */; };
		46BE041425E3300D001B06C0 /* landmarkData.json in Resources */ = {isa = PBXBuildFile; fileRef = 462CB8B625E1906B00B68788 /* landmarkData.json */; };
		46BE041525E3300D001B06C0 /* Profile.swift in Sources */ = {isa = PBXBuildFile; fileRef = 46BE038225E2B489001B06C0 /* Profile.swift */; };
		46BE041625E3300D001B06C0 /* LandmarkList.swift in Sources */ = {isa = PBXBuildFile; fileRef = 462CB8C225E1A72B00B68788 /* LandmarkList.swift */; };
		46BE041725E3300D001B06C0 /* LandmarkRow.swift in Sources */ = {isa = PBXBuildFile; fileRef = 462CB8BF25E1991600B68788 /* LandmarkRow.swift */; };
		46BE041D25E33076001B06C0 /* LandmarkDetail.swift in Sources */ = {isa = PBXBuildFile; fileRef = 46BE041C25E33076001B06C0 /* LandmarkDetail.swift */; };
		46BE042325E33A10001B06C0 /* LandmarkList.swift in Sources */ = {isa = PBXBuildFile; fileRef = 46BE042225E33A10001B06C0 /* LandmarkList.swift */; };
		46BE042D25E3406A001B06C0 /* LandmarkCommands.swift in Sources */ = {isa = PBXBuildFile; fileRef = 46BE042C25E3406A001B06C0 /* LandmarkCommands.swift */; };
		46BE043225E34073001B06C0 /* LandmarkCommands.swift in Sources */ = {isa = PBXBuildFile; fileRef = 46BE042C25E3406A001B06C0 /* LandmarkCommands.swift */; };
		46BE043825E346AA001B06C0 /* LandmarkSetting.swift in Sources */ = {isa = PBXBuildFile; fileRef = 46BE043725E346AA001B06C0 /* LandmarkSetting.swift */; };
		46BF129325DF2C9A00DF109B /* SwiftUI_AppleApp.swift in Sources */ = {isa = PBXBuildFile; fileRef = 46BF129225DF2C9A00DF109B /* SwiftUI_AppleApp.swift */; };
		46BF129525DF2C9A00DF109B /* ContentView.swift in Sources */ = {isa = PBXBuildFile; fileRef = 46BF129425DF2C9A00DF109B /* ContentView.swift */; };
		46BF129725DF2CA200DF109B /* Assets.xcassets in Resources */ = {isa = PBXBuildFile; fileRef = 46BF129625DF2CA200DF109B /* Assets.xcassets */; };
		46BF129A25DF2CA200DF109B /* Preview Assets.xcassets in Resources */ = {isa = PBXBuildFile; fileRef = 46BF129925DF2CA200DF109B /* Preview Assets.xcassets */; };
/* End PBXBuildFile section */

/* Begin PBXContainerItemProxy section */
		46BE03BA25E31DEF001B06C0 /* PBXContainerItemProxy */ = {
			isa = PBXContainerItemProxy;
			containerPortal = 46BF128725DF2C9A00DF109B /* Project object */;
			proxyType = 1;
			remoteGlobalIDString = 46BE03B725E31DEF001B06C0;
			remoteInfo = "WatchLandmarks Extension";
		};
		46BE03CE25E31DF5001B06C0 /* PBXContainerItemProxy */ = {
			isa = PBXContainerItemProxy;
			containerPortal = 46BF128725DF2C9A00DF109B /* Project object */;
			proxyType = 1;
			remoteGlobalIDString = 46BE03AE25E31DE6001B06C0;
			remoteInfo = WatchLandmarks;
		};
/* End PBXContainerItemProxy section */

/* Begin PBXCopyFilesBuildPhase section */
		46BE03D425E31DF5001B06C0 /* Embed App Extensions */ = {
			isa = PBXCopyFilesBuildPhase;
			buildActionMask = 2147483647;
			dstPath = "";
			dstSubfolderSpec = 13;
			files = (
				46BE03B925E31DEF001B06C0 /* WatchLandmarks Extension.appex in Embed App Extensions */,
			);
			name = "Embed App Extensions";
			runOnlyForDeploymentPostprocessing = 0;
		};
		46BE03D825E31DF5001B06C0 /* Embed Watch Content */ = {
			isa = PBXCopyFilesBuildPhase;
			buildActionMask = 2147483647;
			dstPath = "$(CONTENTS_FOLDER_PATH)/Watch";
			dstSubfolderSpec = 16;
			files = (
				46BE03D025E31DF5001B06C0 /* WatchLandmarks.app in Embed Watch Content */,
			);
			name = "Embed Watch Content";
			runOnlyForDeploymentPostprocessing = 0;
		};
/* End PBXCopyFilesBuildPhase section */

/* Begin PBXFileReference section */
		4601A15925E1328A00691189 /* CircleImage.swift */ = {isa = PBXFileReference; lastKnownFileType = sourcecode.swift; path = CircleImage.swift; sourceTree = "<group>"; };
		4601A15C25E1335000691189 /* MapView.swift */ = {isa = PBXFileReference; lastKnownFileType = sourcecode.swift; path = MapView.swift; sourceTree = "<group>"; };
		462CB8B325E1902800B68788 /* Landmark.swift */ = {isa = PBXFileReference; lastKnownFileType = sourcecode.swift; path = Landmark.swift; sourceTree = "<group>"; };
		462CB8B625E1906B00B68788 /* landmarkData.json */ = {isa = PBXFileReference; fileEncoding = 4; lastKnownFileType = text.json; path = landmarkData.json; sourceTree = "<group>"; };
		462CB8B925E197DB00B68788 /* ModelData.swift */ = {isa = PBXFileReference; lastKnownFileType = sourcecode.swift; path = ModelData.swift; sourceTree = "<group>"; };
		462CB8BF25E1991600B68788 /* LandmarkRow.swift */ = {isa = PBXFileReference; lastKnownFileType = sourcecode.swift; path = LandmarkRow.swift; sourceTree = "<group>"; };
		462CB8C225E1A72B00B68788 /* LandmarkList.swift */ = {isa = PBXFileReference; lastKnownFileType = sourcecode.swift; path = LandmarkList.swift; sourceTree = "<group>"; };
		462CB8C525E1A7F900B68788 /* LandmarkDetail.swift */ = {isa = PBXFileReference; lastKnownFileType = sourcecode.swift; path = LandmarkDetail.swift; sourceTree = "<group>"; };
		462CB8C825E1C78C00B68788 /* FavoriteButton.swift */ = {isa = PBXFileReference; lastKnownFileType = sourcecode.swift; path = FavoriteButton.swift; sourceTree = "<group>"; };
		462CB8CE25E1CA7E00B68788 /* HexagonParameters.swift */ = {isa = PBXFileReference; lastKnownFileType = sourcecode.swift; path = HexagonParameters.swift; sourceTree = "<group>"; };
		462CB8D525E1CB5900B68788 /* BadgeBackground.swift */ = {isa = PBXFileReference; lastKnownFileType = sourcecode.swift; path = BadgeBackground.swift; sourceTree = "<group>"; };
		462CB8D825E1D4D000B68788 /* BadgeSymbol.swift */ = {isa = PBXFileReference; lastKnownFileType = sourcecode.swift; path = BadgeSymbol.swift; sourceTree = "<group>"; };
		462CB8DB25E1D57400B68788 /* RotatedBadgeSymbol.swift */ = {isa = PBXFileReference; lastKnownFileType = sourcecode.swift; path = RotatedBadgeSymbol.swift; sourceTree = "<group>"; };
		462CB8DE25E1D5B600B68788 /* Badge.swift */ = {isa = PBXFileReference; lastKnownFileType = sourcecode.swift; path = Badge.swift; sourceTree = "<group>"; };
		46BE035D25E27ECE001B06C0 /* hikeData.json */ = {isa = PBXFileReference; fileEncoding = 4; lastKnownFileType = text.json; path = hikeData.json; sourceTree = "<group>"; };
		46BE036025E27EF1001B06C0 /* HikeData.swift */ = {isa = PBXFileReference; lastKnownFileType = sourcecode.swift; path = HikeData.swift; sourceTree = "<group>"; };
		46BE037525E290FE001B06C0 /* CategoryHome.swift */ = {isa = PBXFileReference; lastKnownFileType = sourcecode.swift; path = CategoryHome.swift; sourceTree = "<group>"; };
		46BE037C25E2AA17001B06C0 /* CategoryRow.swift */ = {isa = PBXFileReference; lastKnownFileType = sourcecode.swift; path = CategoryRow.swift; sourceTree = "<group>"; };
		46BE037F25E2AC5F001B06C0 /* CategoryItem.swift */ = {isa = PBXFileReference; lastKnownFileType = sourcecode.swift; path = CategoryItem.swift; sourceTree = "<group>"; };
		46BE038225E2B489001B06C0 /* Profile.swift */ = {isa = PBXFileReference; lastKnownFileType = sourcecode.swift; path = Profile.swift; sourceTree = "<group>"; };
		46BE038625E2BBA1001B06C0 /* ProfileHost.swift */ = {isa = PBXFileReference; lastKnownFileType = sourcecode.swift; path = ProfileHost.swift; sourceTree = "<group>"; };
		46BE038D25E2BC48001B06C0 /* GraphCapsule.swift */ = {isa = PBXFileReference; fileEncoding = 4; lastKnownFileType = sourcecode.swift; path = GraphCapsule.swift; sourceTree = "<group>"; };
		46BE038E25E2BC48001B06C0 /* HikeGraph.swift */ = {isa = PBXFileReference; fileEncoding = 4; lastKnownFileType = sourcecode.swift; path = HikeGraph.swift; sourceTree = "<group>"; };
		46BE038F25E2BC48001B06C0 /* HikeDetail.swift */ = {isa = PBXFileReference; fileEncoding = 4; lastKnownFileType = sourcecode.swift; path = HikeDetail.swift; sourceTree = "<group>"; };
		46BE039025E2BC48001B06C0 /* HikeView.swift */ = {isa = PBXFileReference; fileEncoding = 4; lastKnownFileType = sourcecode.swift; path = HikeView.swift; sourceTree = "<group>"; };
		46BE039625E2BCFE001B06C0 /* ProfileSummary.swift */ = {isa = PBXFileReference; lastKnownFileType = sourcecode.swift; path = ProfileSummary.swift; sourceTree = "<group>"; };
		46BE039925E2C2B4001B06C0 /* HikeBadge.swift */ = {isa = PBXFileReference; lastKnownFileType = sourcecode.swift; path = HikeBadge.swift; sourceTree = "<group>"; };
		46BE039C25E2D880001B06C0 /* ProfileEditor.swift */ = {isa = PBXFileReference; lastKnownFileType = sourcecode.swift; path = ProfileEditor.swift; sourceTree = "<group>"; };
		46BE03A025E2F075001B06C0 /* PageViewController.swift */ = {isa = PBXFileReference; lastKnownFileType = sourcecode.swift; path = PageViewController.swift; sourceTree = "<group>"; };
		46BE03A425E2F138001B06C0 /* FeatureCard.swift */ = {isa = PBXFileReference; lastKnownFileType = sourcecode.swift; path = FeatureCard.swift; sourceTree = "<group>"; };
		46BE03A725E2FC38001B06C0 /* PageView.swift */ = {isa = PBXFileReference; lastKnownFileType = sourcecode.swift; path = PageView.swift; sourceTree = "<group>"; };
		46BE03AA25E319BA001B06C0 /* PageControl.swift */ = {isa = PBXFileReference; lastKnownFileType = sourcecode.swift; path = PageControl.swift; sourceTree = "<group>"; };
		46BE03AF25E31DE6001B06C0 /* WatchLandmarks.app */ = {isa = PBXFileReference; explicitFileType = wrapper.application; includeInIndex = 0; path = WatchLandmarks.app; sourceTree = BUILT_PRODUCTS_DIR; };
		46BE03B125E31DED001B06C0 /* Assets.xcassets */ = {isa = PBXFileReference; lastKnownFileType = folder.assetcatalog; path = Assets.xcassets; sourceTree = "<group>"; };
		46BE03B325E31DED001B06C0 /* Info.plist */ = {isa = PBXFileReference; lastKnownFileType = text.plist.xml; path = Info.plist; sourceTree = "<group>"; };
		46BE03B825E31DEF001B06C0 /* WatchLandmarks Extension.appex */ = {isa = PBXFileReference; explicitFileType = "wrapper.app-extension"; includeInIndex = 0; path = "WatchLandmarks Extension.appex"; sourceTree = BUILT_PRODUCTS_DIR; };
		46BE03BF25E31DEF001B06C0 /* ContentView.swift */ = {isa = PBXFileReference; lastKnownFileType = sourcecode.swift; path = ContentView.swift; sourceTree = "<group>"; };
		46BE03C125E31DEF001B06C0 /* NotificationController.swift */ = {isa = PBXFileReference; lastKnownFileType = sourcecode.swift; path = NotificationController.swift; sourceTree = "<group>"; };
		46BE03C325E31DEF001B06C0 /* NotificationView.swift */ = {isa = PBXFileReference; lastKnownFileType = sourcecode.swift; path = NotificationView.swift; sourceTree = "<group>"; };
		46BE03C525E31DEF001B06C0 /* ComplicationController.swift */ = {isa = PBXFileReference; lastKnownFileType = sourcecode.swift; path = ComplicationController.swift; sourceTree = "<group>"; };
		46BE03C725E31DF4001B06C0 /* Assets.xcassets */ = {isa = PBXFileReference; lastKnownFileType = folder.assetcatalog; path = Assets.xcassets; sourceTree = "<group>"; };
		46BE03CA25E31DF4001B06C0 /* Preview Assets.xcassets */ = {isa = PBXFileReference; lastKnownFileType = folder.assetcatalog; path = "Preview Assets.xcassets"; sourceTree = "<group>"; };
		46BE03CC25E31DF4001B06C0 /* Info.plist */ = {isa = PBXFileReference; lastKnownFileType = text.plist.xml; path = Info.plist; sourceTree = "<group>"; };
		46BE03CD25E31DF5001B06C0 /* PushNotificationPayload.apns */ = {isa = PBXFileReference; lastKnownFileType = text; path = PushNotificationPayload.apns; sourceTree = "<group>"; };
		46BE03EE25E3210B001B06C0 /* LandmarkDetail.swift */ = {isa = PBXFileReference; lastKnownFileType = sourcecode.swift; path = LandmarkDetail.swift; sourceTree = "<group>"; };
		46BE03F725E32F95001B06C0 /* MacLandmarks.app */ = {isa = PBXFileReference; explicitFileType = wrapper.application; includeInIndex = 0; path = MacLandmarks.app; sourceTree = BUILT_PRODUCTS_DIR; };
		46BE03FB25E32F95001B06C0 /* ContentView.swift */ = {isa = PBXFileReference; lastKnownFileType = sourcecode.swift; path = ContentView.swift; sourceTree = "<group>"; };
		46BE03FD25E32FA0001B06C0 /* Assets.xcassets */ = {isa = PBXFileReference; lastKnownFileType = folder.assetcatalog; path = Assets.xcassets; sourceTree = "<group>"; };
		46BE040025E32FA0001B06C0 /* Preview Assets.xcassets */ = {isa = PBXFileReference; lastKnownFileType = folder.assetcatalog; path = "Preview Assets.xcassets"; sourceTree = "<group>"; };
		46BE040225E32FA0001B06C0 /* Info.plist */ = {isa = PBXFileReference; lastKnownFileType = text.plist.xml; path = Info.plist; sourceTree = "<group>"; };
		46BE040325E32FA0001B06C0 /* MacLandmarks.entitlements */ = {isa = PBXFileReference; lastKnownFileType = text.plist.entitlements; path = MacLandmarks.entitlements; sourceTree = "<group>"; };
		46BE041C25E33076001B06C0 /* LandmarkDetail.swift */ = {isa = PBXFileReference; lastKnownFileType = sourcecode.swift; path = LandmarkDetail.swift; sourceTree = "<group>"; };
		46BE042225E33A10001B06C0 /* LandmarkList.swift */ = {isa = PBXFileReference; lastKnownFileType = sourcecode.swift; path = LandmarkList.swift; sourceTree = "<group>"; };
		46BE042C25E3406A001B06C0 /* LandmarkCommands.swift */ = {isa = PBXFileReference; lastKnownFileType = sourcecode.swift; path = LandmarkCommands.swift; sourceTree = "<group>"; };
		46BE043725E346AA001B06C0 /* LandmarkSetting.swift */ = {isa = PBXFileReference; lastKnownFileType = sourcecode.swift; path = LandmarkSetting.swift; sourceTree = "<group>"; };
		46BF128F25DF2C9A00DF109B /* SwiftUI-Apple.app */ = {isa = PBXFileReference; explicitFileType = wrapper.application; includeInIndex = 0; path = "SwiftUI-Apple.app"; sourceTree = BUILT_PRODUCTS_DIR; };
		46BF129225DF2C9A00DF109B /* SwiftUI_AppleApp.swift */ = {isa = PBXFileReference; lastKnownFileType = sourcecode.swift; path = SwiftUI_AppleApp.swift; sourceTree = "<group>"; };
		46BF129425DF2C9A00DF109B /* ContentView.swift */ = {isa = PBXFileReference; lastKnownFileType = sourcecode.swift; path = ContentView.swift; sourceTree = "<group>"; };
		46BF129625DF2CA200DF109B /* Assets.xcassets */ = {isa = PBXFileReference; lastKnownFileType = folder.assetcatalog; path = Assets.xcassets; sourceTree = "<group>"; };
		46BF129925DF2CA200DF109B /* Preview Assets.xcassets */ = {isa = PBXFileReference; lastKnownFileType = folder.assetcatalog; path = "Preview Assets.xcassets"; sourceTree = "<group>"; };
		46BF129B25DF2CA200DF109B /* Info.plist */ = {isa = PBXFileReference; lastKnownFileType = text.plist.xml; path = Info.plist; sourceTree = "<group>"; };
/* End PBXFileReference section */

/* Begin PBXFrameworksBuildPhase section */
		46BE03B525E31DEF001B06C0 /* Frameworks */ = {
			isa = PBXFrameworksBuildPhase;
			buildActionMask = 2147483647;
			files = (
			);
			runOnlyForDeploymentPostprocessing = 0;
		};
		46BE03F425E32F95001B06C0 /* Frameworks */ = {
			isa = PBXFrameworksBuildPhase;
			buildActionMask = 2147483647;
			files = (
			);
			runOnlyForDeploymentPostprocessing = 0;
		};
		46BF128C25DF2C9A00DF109B /* Frameworks */ = {
			isa = PBXFrameworksBuildPhase;
			buildActionMask = 2147483647;
			files = (
			);
			runOnlyForDeploymentPostprocessing = 0;
		};
/* End PBXFrameworksBuildPhase section */

/* Begin PBXGroup section */
		462CB8BC25E198D400B68788 /* Views */ = {
			isa = PBXGroup;
			children = (
				46BE039F25E2F061001B06C0 /* Page View */,
				46BE038C25E2BC48001B06C0 /* Hikes */,
				46BE038525E2BB38001B06C0 /* Profiles */,
				46BE037425E290E7001B06C0 /* Categories */,
				462CB8E125E1D6EB00B68788 /* Badges */,
				46BF129425DF2C9A00DF109B /* ContentView.swift */,
				462CB8CC25E1C7D700B68788 /* Helpers */,
				462CB8CB25E1C7D200B68788 /* Landmarks */,
			);
			path = Views;
			sourceTree = "<group>";
		};
		462CB8BD25E198E500B68788 /* Model */ = {
			isa = PBXGroup;
			children = (
				462CB8B325E1902800B68788 /* Landmark.swift */,
				462CB8B925E197DB00B68788 /* ModelData.swift */,
				46BE036025E27EF1001B06C0 /* HikeData.swift */,
				46BE038225E2B489001B06C0 /* Profile.swift */,
			);
			path = Model;
			sourceTree = "<group>";
		};
		462CB8BE25E198EF00B68788 /* Resources */ = {
			isa = PBXGroup;
			children = (
				46BE035D25E27ECE001B06C0 /* hikeData.json */,
				462CB8B625E1906B00B68788 /* landmarkData.json */,
			);
			path = Resources;
			sourceTree = "<group>";
		};
		462CB8CB25E1C7D200B68788 /* Landmarks */ = {
			isa = PBXGroup;
			children = (
				462CB8BF25E1991600B68788 /* LandmarkRow.swift */,
				462CB8C225E1A72B00B68788 /* LandmarkList.swift */,
				462CB8C525E1A7F900B68788 /* LandmarkDetail.swift */,
			);
			path = Landmarks;
			sourceTree = "<group>";
		};
		462CB8CC25E1C7D700B68788 /* Helpers */ = {
			isa = PBXGroup;
			children = (
				4601A15925E1328A00691189 /* CircleImage.swift */,
				4601A15C25E1335000691189 /* MapView.swift */,
				462CB8C825E1C78C00B68788 /* FavoriteButton.swift */,
			);
			path = Helpers;
			sourceTree = "<group>";
		};
		462CB8E125E1D6EB00B68788 /* Badges */ = {
			isa = PBXGroup;
			children = (
				462CB8CE25E1CA7E00B68788 /* HexagonParameters.swift */,
				462CB8D525E1CB5900B68788 /* BadgeBackground.swift */,
				462CB8D825E1D4D000B68788 /* BadgeSymbol.swift */,
				462CB8DB25E1D57400B68788 /* RotatedBadgeSymbol.swift */,
				462CB8DE25E1D5B600B68788 /* Badge.swift */,
			);
			path = Badges;
			sourceTree = "<group>";
		};
		46BE037425E290E7001B06C0 /* Categories */ = {
			isa = PBXGroup;
			children = (
				46BE037525E290FE001B06C0 /* CategoryHome.swift */,
				46BE037C25E2AA17001B06C0 /* CategoryRow.swift */,
				46BE037F25E2AC5F001B06C0 /* CategoryItem.swift */,
			);
			path = Categories;
			sourceTree = "<group>";
		};
		46BE038525E2BB38001B06C0 /* Profiles */ = {
			isa = PBXGroup;
			children = (
				46BE038625E2BBA1001B06C0 /* ProfileHost.swift */,
				46BE039625E2BCFE001B06C0 /* ProfileSummary.swift */,
				46BE039925E2C2B4001B06C0 /* HikeBadge.swift */,
				46BE039C25E2D880001B06C0 /* ProfileEditor.swift */,
			);
			path = Profiles;
			sourceTree = "<group>";
		};
		46BE038C25E2BC48001B06C0 /* Hikes */ = {
			isa = PBXGroup;
			children = (
				46BE038D25E2BC48001B06C0 /* GraphCapsule.swift */,
				46BE038E25E2BC48001B06C0 /* HikeGraph.swift */,
				46BE038F25E2BC48001B06C0 /* HikeDetail.swift */,
				46BE039025E2BC48001B06C0 /* HikeView.swift */,
			);
			path = Hikes;
			sourceTree = "<group>";
		};
		46BE039F25E2F061001B06C0 /* Page View */ = {
			isa = PBXGroup;
			children = (
				46BE03A025E2F075001B06C0 /* PageViewController.swift */,
				46BE03A425E2F138001B06C0 /* FeatureCard.swift */,
				46BE03A725E2FC38001B06C0 /* PageView.swift */,
				46BE03AA25E319BA001B06C0 /* PageControl.swift */,
			);
			path = "Page View";
			sourceTree = "<group>";
		};
		46BE03B025E31DE6001B06C0 /* WatchLandmarks */ = {
			isa = PBXGroup;
			children = (
				46BE03B125E31DED001B06C0 /* Assets.xcassets */,
				46BE03B325E31DED001B06C0 /* Info.plist */,
			);
			path = WatchLandmarks;
			sourceTree = "<group>";
		};
		46BE03BC25E31DEF001B06C0 /* WatchLandmarks Extension */ = {
			isa = PBXGroup;
			children = (
				46BE03BF25E31DEF001B06C0 /* ContentView.swift */,
				46BE03C125E31DEF001B06C0 /* NotificationController.swift */,
				46BE03C325E31DEF001B06C0 /* NotificationView.swift */,
				46BE03C525E31DEF001B06C0 /* ComplicationController.swift */,
				46BE03C725E31DF4001B06C0 /* Assets.xcassets */,
				46BE03CC25E31DF4001B06C0 /* Info.plist */,
				46BE03CD25E31DF5001B06C0 /* PushNotificationPayload.apns */,
				46BE03C925E31DF4001B06C0 /* Preview Content */,
				46BE03EE25E3210B001B06C0 /* LandmarkDetail.swift */,
				46BE042225E33A10001B06C0 /* LandmarkList.swift */,
			);
			path = "WatchLandmarks Extension";
			sourceTree = "<group>";
		};
		46BE03C925E31DF4001B06C0 /* Preview Content */ = {
			isa = PBXGroup;
			children = (
				46BE03CA25E31DF4001B06C0 /* Preview Assets.xcassets */,
			);
			path = "Preview Content";
			sourceTree = "<group>";
		};
		46BE03F825E32F95001B06C0 /* MacLandmarks */ = {
			isa = PBXGroup;
			children = (
				46BE03FB25E32F95001B06C0 /* ContentView.swift */,
				46BE03FD25E32FA0001B06C0 /* Assets.xcassets */,
				46BE040225E32FA0001B06C0 /* Info.plist */,
				46BE040325E32FA0001B06C0 /* MacLandmarks.entitlements */,
				46BE03FF25E32FA0001B06C0 /* Preview Content */,
				46BE041C25E33076001B06C0 /* LandmarkDetail.swift */,
				46BE042C25E3406A001B06C0 /* LandmarkCommands.swift */,
				46BE043725E346AA001B06C0 /* LandmarkSetting.swift */,
			);
			path = MacLandmarks;
			sourceTree = "<group>";
		};
		46BE03FF25E32FA0001B06C0 /* Preview Content */ = {
			isa = PBXGroup;
			children = (
				46BE040025E32FA0001B06C0 /* Preview Assets.xcassets */,
			);
			path = "Preview Content";
			sourceTree = "<group>";
		};
		46BF128625DF2C9A00DF109B = {
			isa = PBXGroup;
			children = (
				46BF129125DF2C9A00DF109B /* SwiftUI-Apple */,
				46BE03B025E31DE6001B06C0 /* WatchLandmarks */,
				46BE03BC25E31DEF001B06C0 /* WatchLandmarks Extension */,
				46BE03F825E32F95001B06C0 /* MacLandmarks */,
				46BF129025DF2C9A00DF109B /* Products */,
			);
			sourceTree = "<group>";
		};
		46BF129025DF2C9A00DF109B /* Products */ = {
			isa = PBXGroup;
			children = (
				46BF128F25DF2C9A00DF109B /* SwiftUI-Apple.app */,
				46BE03AF25E31DE6001B06C0 /* WatchLandmarks.app */,
				46BE03B825E31DEF001B06C0 /* WatchLandmarks Extension.appex */,
				46BE03F725E32F95001B06C0 /* MacLandmarks.app */,
			);
			name = Products;
			sourceTree = "<group>";
		};
		46BF129125DF2C9A00DF109B /* SwiftUI-Apple */ = {
			isa = PBXGroup;
			children = (
				462CB8BE25E198EF00B68788 /* Resources */,
				462CB8BD25E198E500B68788 /* Model */,
				462CB8BC25E198D400B68788 /* Views */,
				46BF129225DF2C9A00DF109B /* SwiftUI_AppleApp.swift */,
				46BF129625DF2CA200DF109B /* Assets.xcassets */,
				46BF129B25DF2CA200DF109B /* Info.plist */,
				46BF129825DF2CA200DF109B /* Preview Content */,
			);
			path = "SwiftUI-Apple";
			sourceTree = "<group>";
		};
		46BF129825DF2CA200DF109B /* Preview Content */ = {
			isa = PBXGroup;
			children = (
				46BF129925DF2CA200DF109B /* Preview Assets.xcassets */,
			);
			path = "Preview Content";
			sourceTree = "<group>";
		};
/* End PBXGroup section */

/* Begin PBXNativeTarget section */
		46BE03AE25E31DE6001B06C0 /* WatchLandmarks */ = {
			isa = PBXNativeTarget;
			buildConfigurationList = 46BE03D525E31DF5001B06C0 /* Build configuration list for PBXNativeTarget "WatchLandmarks" */;
			buildPhases = (
				46BE03AD25E31DE6001B06C0 /* Resources */,
				46BE03D425E31DF5001B06C0 /* Embed App Extensions */,
			);
			buildRules = (
			);
			dependencies = (
				46BE03BB25E31DEF001B06C0 /* PBXTargetDependency */,
			);
			name = WatchLandmarks;
			productName = WatchLandmarks;
			productReference = 46BE03AF25E31DE6001B06C0 /* WatchLandmarks.app */;
			productType = "com.apple.product-type.application.watchapp2";
		};
		46BE03B725E31DEF001B06C0 /* WatchLandmarks Extension */ = {
			isa = PBXNativeTarget;
			buildConfigurationList = 46BE03D125E31DF5001B06C0 /* Build configuration list for PBXNativeTarget "WatchLandmarks Extension" */;
			buildPhases = (
				46BE03B425E31DEF001B06C0 /* Sources */,
				46BE03B525E31DEF001B06C0 /* Frameworks */,
				46BE03B625E31DEF001B06C0 /* Resources */,
			);
			buildRules = (
			);
			dependencies = (
			);
			name = "WatchLandmarks Extension";
			productName = "WatchLandmarks Extension";
			productReference = 46BE03B825E31DEF001B06C0 /* WatchLandmarks Extension.appex */;
			productType = "com.apple.product-type.watchkit2-extension";
		};
		46BE03F625E32F95001B06C0 /* MacLandmarks */ = {
			isa = PBXNativeTarget;
			buildConfigurationList = 46BE040425E32FA0001B06C0 /* Build configuration list for PBXNativeTarget "MacLandmarks" */;
			buildPhases = (
				46BE03F325E32F95001B06C0 /* Sources */,
				46BE03F425E32F95001B06C0 /* Frameworks */,
				46BE03F525E32F95001B06C0 /* Resources */,
			);
			buildRules = (
			);
			dependencies = (
			);
			name = MacLandmarks;
			productName = MacLandmarks;
			productReference = 46BE03F725E32F95001B06C0 /* MacLandmarks.app */;
			productType = "com.apple.product-type.application";
		};
		46BF128E25DF2C9A00DF109B /* SwiftUI-Apple */ = {
			isa = PBXNativeTarget;
			buildConfigurationList = 46BF129E25DF2CA200DF109B /* Build configuration list for PBXNativeTarget "SwiftUI-Apple" */;
			buildPhases = (
				46BF128B25DF2C9A00DF109B /* Sources */,
				46BF128C25DF2C9A00DF109B /* Frameworks */,
				46BF128D25DF2C9A00DF109B /* Resources */,
				46BE03D825E31DF5001B06C0 /* Embed Watch Content */,
			);
			buildRules = (
			);
			dependencies = (
				46BE03CF25E31DF5001B06C0 /* PBXTargetDependency */,
			);
			name = "SwiftUI-Apple";
			productName = "SwiftUI-Apple";
			productReference = 46BF128F25DF2C9A00DF109B /* SwiftUI-Apple.app */;
			productType = "com.apple.product-type.application";
		};
/* End PBXNativeTarget section */

/* Begin PBXProject section */
		46BF128725DF2C9A00DF109B /* Project object */ = {
			isa = PBXProject;
			attributes = {
				LastSwiftUpdateCheck = 1230;
				LastUpgradeCheck = 1230;
				TargetAttributes = {
					46BE03AE25E31DE6001B06C0 = {
						CreatedOnToolsVersion = 12.3;
					};
					46BE03B725E31DEF001B06C0 = {
						CreatedOnToolsVersion = 12.3;
					};
					46BE03F625E32F95001B06C0 = {
						CreatedOnToolsVersion = 12.3;
					};
					46BF128E25DF2C9A00DF109B = {
						CreatedOnToolsVersion = 12.3;
					};
				};
			};
			buildConfigurationList = 46BF128A25DF2C9A00DF109B /* Build configuration list for PBXProject "SwiftUI-Apple" */;
			compatibilityVersion = "Xcode 9.3";
			developmentRegion = en;
			hasScannedForEncodings = 0;
			knownRegions = (
				en,
				Base,
			);
			mainGroup = 46BF128625DF2C9A00DF109B;
			productRefGroup = 46BF129025DF2C9A00DF109B /* Products */;
			projectDirPath = "";
			projectRoot = "";
			targets = (
				46BF128E25DF2C9A00DF109B /* SwiftUI-Apple */,
				46BE03AE25E31DE6001B06C0 /* WatchLandmarks */,
				46BE03B725E31DEF001B06C0 /* WatchLandmarks Extension */,
				46BE03F625E32F95001B06C0 /* MacLandmarks */,
			);
		};
/* End PBXProject section */

/* Begin PBXResourcesBuildPhase section */
		46BE03AD25E31DE6001B06C0 /* Resources */ = {
			isa = PBXResourcesBuildPhase;
			buildActionMask = 2147483647;
			files = (
				46BE03B225E31DED001B06C0 /* Assets.xcassets in Resources */,
			);
			runOnlyForDeploymentPostprocessing = 0;
		};
		46BE03B625E31DEF001B06C0 /* Resources */ = {
			isa = PBXResourcesBuildPhase;
			buildActionMask = 2147483647;
			files = (
				46BE03CB25E31DF4001B06C0 /* Preview Assets.xcassets in Resources */,
				46BE03E725E31EE9001B06C0 /* hikeData.json in Resources */,
				46BE03E825E31EE9001B06C0 /* Assets.xcassets in Resources */,
				46BE03EA25E31EE9001B06C0 /* landmarkData.json in Resources */,
				46BE03C825E31DF4001B06C0 /* Assets.xcassets in Resources */,
			);
			runOnlyForDeploymentPostprocessing = 0;
		};
		46BE03F525E32F95001B06C0 /* Resources */ = {
			isa = PBXResourcesBuildPhase;
			buildActionMask = 2147483647;
			files = (
				46BE041225E3300D001B06C0 /* hikeData.json in Resources */,
				46BE040125E32FA0001B06C0 /* Preview Assets.xcassets in Resources */,
				46BE040E25E3300D001B06C0 /* Assets.xcassets in Resources */,
				46BE041425E3300D001B06C0 /* landmarkData.json in Resources */,
				46BE03FE25E32FA0001B06C0 /* Assets.xcassets in Resources */,
			);
			runOnlyForDeploymentPostprocessing = 0;
		};
		46BF128D25DF2C9A00DF109B /* Resources */ = {
			isa = PBXResourcesBuildPhase;
			buildActionMask = 2147483647;
			files = (
				46BE035E25E27ECE001B06C0 /* hikeData.json in Resources */,
				46BF129A25DF2CA200DF109B /* Preview Assets.xcassets in Resources */,
				46BF129725DF2CA200DF109B /* Assets.xcassets in Resources */,
				462CB8B725E1906B00B68788 /* landmarkData.json in Resources */,
			);
			runOnlyForDeploymentPostprocessing = 0;
		};
/* End PBXResourcesBuildPhase section */

/* Begin PBXSourcesBuildPhase section */
		46BE03B425E31DEF001B06C0 /* Sources */ = {
			isa = PBXSourcesBuildPhase;
			buildActionMask = 2147483647;
			files = (
				46BE03E925E31EE9001B06C0 /* Landmark.swift in Sources */,
				46BE03E125E31EE9001B06C0 /* MapView.swift in Sources */,
				46BE03C225E31DEF001B06C0 /* NotificationController.swift in Sources */,
				46BE03C025E31DEF001B06C0 /* ContentView.swift in Sources */,
				46BE042325E33A10001B06C0 /* LandmarkList.swift in Sources */,
				46BE03C625E31DEF001B06C0 /* ComplicationController.swift in Sources */,
				46BE03E325E31EE9001B06C0 /* SwiftUI_AppleApp.swift in Sources */,
				46BE03EF25E3210B001B06C0 /* LandmarkDetail.swift in Sources */,
				46BE03E625E31EE9001B06C0 /* CircleImage.swift in Sources */,
				46BE03C425E31DEF001B06C0 /* NotificationView.swift in Sources */,
				46BE03E025E31EE9001B06C0 /* HikeData.swift in Sources */,
				46BE03E425E31EE9001B06C0 /* ModelData.swift in Sources */,
				46BE03E525E31EE9001B06C0 /* Profile.swift in Sources */,
				46BE03E225E31EE9001B06C0 /* LandmarkRow.swift in Sources */,
			);
			runOnlyForDeploymentPostprocessing = 0;
		};
		46BE03F325E32F95001B06C0 /* Sources */ = {
			isa = PBXSourcesBuildPhase;
			buildActionMask = 2147483647;
			files = (
				46BE040C25E3300D001B06C0 /* FavoriteButton.swift in Sources */,
				46BE041325E3300D001B06C0 /* MapView.swift in Sources */,
				46BE040D25E3300D001B06C0 /* ModelData.swift in Sources */,
				46BE040B25E3300D001B06C0 /* SwiftUI_AppleApp.swift in Sources */,
				46BE042D25E3406A001B06C0 /* LandmarkCommands.swift in Sources */,
				46BE041D25E33076001B06C0 /* LandmarkDetail.swift in Sources */,
				46BE041125E3300D001B06C0 /* CircleImage.swift in Sources */,
				46BE03FC25E32F95001B06C0 /* ContentView.swift in Sources */,
				46BE041025E3300D001B06C0 /* HikeData.swift in Sources */,
				46BE041525E3300D001B06C0 /* Profile.swift in Sources */,
				46BE043825E346AA001B06C0 /* LandmarkSetting.swift in Sources */,
				46BE041725E3300D001B06C0 /* LandmarkRow.swift in Sources */,
				46BE040F25E3300D001B06C0 /* Landmark.swift in Sources */,
				46BE041625E3300D001B06C0 /* LandmarkList.swift in Sources */,
			);
			runOnlyForDeploymentPostprocessing = 0;
		};
		46BF128B25DF2C9A00DF109B /* Sources */ = {
			isa = PBXSourcesBuildPhase;
			buildActionMask = 2147483647;
			files = (
				46BE037D25E2AA17001B06C0 /* CategoryRow.swift in Sources */,
				46BE038325E2B489001B06C0 /* Profile.swift in Sources */,
				46BE043225E34073001B06C0 /* LandmarkCommands.swift in Sources */,
				46BF129525DF2C9A00DF109B /* ContentView.swift in Sources */,
				46BE037625E290FE001B06C0 /* CategoryHome.swift in Sources */,
				46BE03A525E2F138001B06C0 /* FeatureCard.swift in Sources */,
				462CB8DF25E1D5B600B68788 /* Badge.swift in Sources */,
				4601A15D25E1335000691189 /* MapView.swift in Sources */,
				46BE039125E2BC48001B06C0 /* GraphCapsule.swift in Sources */,
				46BF129325DF2C9A00DF109B /* SwiftUI_AppleApp.swift in Sources */,
				46BE039225E2BC48001B06C0 /* HikeGraph.swift in Sources */,
				46BE03AB25E319BA001B06C0 /* PageControl.swift in Sources */,
				46BE036125E27EF1001B06C0 /* HikeData.swift in Sources */,
				46BE038025E2AC5F001B06C0 /* CategoryItem.swift in Sources */,
				462CB8C925E1C78C00B68788 /* FavoriteButton.swift in Sources */,
				46BE039725E2BCFE001B06C0 /* ProfileSummary.swift in Sources */,
				46BE038725E2BBA1001B06C0 /* ProfileHost.swift in Sources */,
				462CB8CF25E1CA7E00B68788 /* HexagonParameters.swift in Sources */,
				462CB8DC25E1D57400B68788 /* RotatedBadgeSymbol.swift in Sources */,
				462CB8D925E1D4D000B68788 /* BadgeSymbol.swift in Sources */,
				46BE03A825E2FC38001B06C0 /* PageView.swift in Sources */,
				462CB8C325E1A72B00B68788 /* LandmarkList.swift in Sources */,
				46BE039D25E2D880001B06C0 /* ProfileEditor.swift in Sources */,
				462CB8C625E1A7F900B68788 /* LandmarkDetail.swift in Sources */,
				46BE039425E2BC48001B06C0 /* HikeView.swift in Sources */,
				462CB8D625E1CB5900B68788 /* BadgeBackground.swift in Sources */,
				46BE03A125E2F075001B06C0 /* PageViewController.swift in Sources */,
				4601A15A25E1328A00691189 /* CircleImage.swift in Sources */,
				46BE039A25E2C2B4001B06C0 /* HikeBadge.swift in Sources */,
				462CB8B425E1902800B68788 /* Landmark.swift in Sources */,
				462CB8C025E1991600B68788 /* LandmarkRow.swift in Sources */,
				462CB8BA25E197DB00B68788 /* ModelData.swift in Sources */,
				46BE039325E2BC48001B06C0 /* HikeDetail.swift in Sources */,
			);
			runOnlyForDeploymentPostprocessing = 0;
		};
/* End PBXSourcesBuildPhase section */

/* Begin PBXTargetDependency section */
		46BE03BB25E31DEF001B06C0 /* PBXTargetDependency */ = {
			isa = PBXTargetDependency;
			target = 46BE03B725E31DEF001B06C0 /* WatchLandmarks Extension */;
			targetProxy = 46BE03BA25E31DEF001B06C0 /* PBXContainerItemProxy */;
		};
		46BE03CF25E31DF5001B06C0 /* PBXTargetDependency */ = {
			isa = PBXTargetDependency;
			target = 46BE03AE25E31DE6001B06C0 /* WatchLandmarks */;
			targetProxy = 46BE03CE25E31DF5001B06C0 /* PBXContainerItemProxy */;
		};
/* End PBXTargetDependency section */

/* Begin XCBuildConfiguration section */
		46BE03D225E31DF5001B06C0 /* Debug */ = {
			isa = XCBuildConfiguration;
			buildSettings = {
				ASSETCATALOG_COMPILER_COMPLICATION_NAME = Complication;
				CODE_SIGN_STYLE = Automatic;
				DEVELOPMENT_ASSET_PATHS = "\"WatchLandmarks Extension/Preview Content\"";
				DEVELOPMENT_TEAM = NL38PKJFTM;
				ENABLE_PREVIEWS = YES;
				INFOPLIST_FILE = "WatchLandmarks Extension/Info.plist";
				LD_RUNPATH_SEARCH_PATHS = (
					"$(inherited)",
					"@executable_path/Frameworks",
					"@executable_path/../../Frameworks",
				);
				PRODUCT_BUNDLE_IDENTIFIER = "com.app.SwiftUI-Apple.watchkitapp.watchkitextension";
				PRODUCT_NAME = "${TARGET_NAME}";
				SDKROOT = watchos;
				SKIP_INSTALL = YES;
				SWIFT_VERSION = 5.0;
				TARGETED_DEVICE_FAMILY = 4;
				WATCHOS_DEPLOYMENT_TARGET = 7.2;
			};
			name = Debug;
		};
		46BE03D325E31DF5001B06C0 /* Release */ = {
			isa = XCBuildConfiguration;
			buildSettings = {
				ASSETCATALOG_COMPILER_COMPLICATION_NAME = Complication;
				CODE_SIGN_STYLE = Automatic;
				DEVELOPMENT_ASSET_PATHS = "\"WatchLandmarks Extension/Preview Content\"";
				DEVELOPMENT_TEAM = NL38PKJFTM;
				ENABLE_PREVIEWS = YES;
				INFOPLIST_FILE = "WatchLandmarks Extension/Info.plist";
				LD_RUNPATH_SEARCH_PATHS = (
					"$(inherited)",
					"@executable_path/Frameworks",
					"@executable_path/../../Frameworks",
				);
				PRODUCT_BUNDLE_IDENTIFIER = "com.app.SwiftUI-Apple.watchkitapp.watchkitextension";
				PRODUCT_NAME = "${TARGET_NAME}";
				SDKROOT = watchos;
				SKIP_INSTALL = YES;
				SWIFT_VERSION = 5.0;
				TARGETED_DEVICE_FAMILY = 4;
				WATCHOS_DEPLOYMENT_TARGET = 7.2;
			};
			name = Release;
		};
		46BE03D625E31DF5001B06C0 /* Debug */ = {
			isa = XCBuildConfiguration;
			buildSettings = {
				ALWAYS_EMBED_SWIFT_STANDARD_LIBRARIES = YES;
				ASSETCATALOG_COMPILER_APPICON_NAME = AppIcon;
				ASSETCATALOG_COMPILER_GLOBAL_ACCENT_COLOR_NAME = AccentColor;
				CODE_SIGN_STYLE = Automatic;
				DEVELOPMENT_TEAM = NL38PKJFTM;
				IBSC_MODULE = WatchLandmarks_Extension;
				INFOPLIST_FILE = WatchLandmarks/Info.plist;
				PRODUCT_BUNDLE_IDENTIFIER = "com.app.SwiftUI-Apple.watchkitapp";
				PRODUCT_NAME = "$(TARGET_NAME)";
				SDKROOT = watchos;
				SKIP_INSTALL = YES;
				SWIFT_VERSION = 5.0;
				TARGETED_DEVICE_FAMILY = 4;
				WATCHOS_DEPLOYMENT_TARGET = 7.2;
			};
			name = Debug;
		};
		46BE03D725E31DF5001B06C0 /* Release */ = {
			isa = XCBuildConfiguration;
			buildSettings = {
				ALWAYS_EMBED_SWIFT_STANDARD_LIBRARIES = YES;
				ASSETCATALOG_COMPILER_APPICON_NAME = AppIcon;
				ASSETCATALOG_COMPILER_GLOBAL_ACCENT_COLOR_NAME = AccentColor;
				CODE_SIGN_STYLE = Automatic;
				DEVELOPMENT_TEAM = NL38PKJFTM;
				IBSC_MODULE = WatchLandmarks_Extension;
				INFOPLIST_FILE = WatchLandmarks/Info.plist;
				PRODUCT_BUNDLE_IDENTIFIER = "com.app.SwiftUI-Apple.watchkitapp";
				PRODUCT_NAME = "$(TARGET_NAME)";
				SDKROOT = watchos;
				SKIP_INSTALL = YES;
				SWIFT_VERSION = 5.0;
				TARGETED_DEVICE_FAMILY = 4;
				WATCHOS_DEPLOYMENT_TARGET = 7.2;
			};
			name = Release;
		};
		46BE040525E32FA0001B06C0 /* Debug */ = {
			isa = XCBuildConfiguration;
			buildSettings = {
				ASSETCATALOG_COMPILER_APPICON_NAME = AppIcon;
				ASSETCATALOG_COMPILER_GLOBAL_ACCENT_COLOR_NAME = AccentColor;
				CODE_SIGN_ENTITLEMENTS = MacLandmarks/MacLandmarks.entitlements;
				CODE_SIGN_STYLE = Automatic;
				COMBINE_HIDPI_IMAGES = YES;
				DEVELOPMENT_ASSET_PATHS = "\"MacLandmarks/Preview Content\"";
				DEVELOPMENT_TEAM = NL38PKJFTM;
				ENABLE_HARDENED_RUNTIME = YES;
				ENABLE_PREVIEWS = YES;
				INFOPLIST_FILE = MacLandmarks/Info.plist;
				LD_RUNPATH_SEARCH_PATHS = (
					"$(inherited)",
					"@executable_path/../Frameworks",
				);
				MACOSX_DEPLOYMENT_TARGET = 11.1;
				PRODUCT_BUNDLE_IDENTIFIER = com.app.MacLandmarks;
				PRODUCT_NAME = "$(TARGET_NAME)";
				SDKROOT = macosx;
				SWIFT_VERSION = 5.0;
			};
			name = Debug;
		};
		46BE040625E32FA0001B06C0 /* Release */ = {
			isa = XCBuildConfiguration;
			buildSettings = {
				ASSETCATALOG_COMPILER_APPICON_NAME = AppIcon;
				ASSETCATALOG_COMPILER_GLOBAL_ACCENT_COLOR_NAME = AccentColor;
				CODE_SIGN_ENTITLEMENTS = MacLandmarks/MacLandmarks.entitlements;
				CODE_SIGN_STYLE = Automatic;
				COMBINE_HIDPI_IMAGES = YES;
				DEVELOPMENT_ASSET_PATHS = "\"MacLandmarks/Preview Content\"";
				DEVELOPMENT_TEAM = NL38PKJFTM;
				ENABLE_HARDENED_RUNTIME = YES;
				ENABLE_PREVIEWS = YES;
				INFOPLIST_FILE = MacLandmarks/Info.plist;
				LD_RUNPATH_SEARCH_PATHS = (
					"$(inherited)",
					"@executable_path/../Frameworks",
				);
				MACOSX_DEPLOYMENT_TARGET = 11.1;
				PRODUCT_BUNDLE_IDENTIFIER = com.app.MacLandmarks;
				PRODUCT_NAME = "$(TARGET_NAME)";
				SDKROOT = macosx;
				SWIFT_VERSION = 5.0;
			};
			name = Release;
		};
		46BF129C25DF2CA200DF109B /* Debug */ = {
			isa = XCBuildConfiguration;
			buildSettings = {
				ALWAYS_SEARCH_USER_PATHS = NO;
				CLANG_ANALYZER_NONNULL = YES;
				CLANG_ANALYZER_NUMBER_OBJECT_CONVERSION = YES_AGGRESSIVE;
				CLANG_CXX_LANGUAGE_STANDARD = "gnu++14";
				CLANG_CXX_LIBRARY = "libc++";
				CLANG_ENABLE_MODULES = YES;
				CLANG_ENABLE_OBJC_ARC = YES;
				CLANG_ENABLE_OBJC_WEAK = YES;
				CLANG_WARN_BLOCK_CAPTURE_AUTORELEASING = YES;
				CLANG_WARN_BOOL_CONVERSION = YES;
				CLANG_WARN_COMMA = YES;
				CLANG_WARN_CONSTANT_CONVERSION = YES;
				CLANG_WARN_DEPRECATED_OBJC_IMPLEMENTATIONS = YES;
				CLANG_WARN_DIRECT_OBJC_ISA_USAGE = YES_ERROR;
				CLANG_WARN_DOCUMENTATION_COMMENTS = YES;
				CLANG_WARN_EMPTY_BODY = YES;
				CLANG_WARN_ENUM_CONVERSION = YES;
				CLANG_WARN_INFINITE_RECURSION = YES;
				CLANG_WARN_INT_CONVERSION = YES;
				CLANG_WARN_NON_LITERAL_NULL_CONVERSION = YES;
				CLANG_WARN_OBJC_IMPLICIT_RETAIN_SELF = YES;
				CLANG_WARN_OBJC_LITERAL_CONVERSION = YES;
				CLANG_WARN_OBJC_ROOT_CLASS = YES_ERROR;
				CLANG_WARN_QUOTED_INCLUDE_IN_FRAMEWORK_HEADER = YES;
				CLANG_WARN_RANGE_LOOP_ANALYSIS = YES;
				CLANG_WARN_STRICT_PROTOTYPES = YES;
				CLANG_WARN_SUSPICIOUS_MOVE = YES;
				CLANG_WARN_UNGUARDED_AVAILABILITY = YES_AGGRESSIVE;
				CLANG_WARN_UNREACHABLE_CODE = YES;
				CLANG_WARN__DUPLICATE_METHOD_MATCH = YES;
				COPY_PHASE_STRIP = NO;
				DEBUG_INFORMATION_FORMAT = dwarf;
				ENABLE_STRICT_OBJC_MSGSEND = YES;
				ENABLE_TESTABILITY = YES;
				GCC_C_LANGUAGE_STANDARD = gnu11;
				GCC_DYNAMIC_NO_PIC = NO;
				GCC_NO_COMMON_BLOCKS = YES;
				GCC_OPTIMIZATION_LEVEL = 0;
				GCC_PREPROCESSOR_DEFINITIONS = (
					"DEBUG=1",
					"$(inherited)",
				);
				GCC_WARN_64_TO_32_BIT_CONVERSION = YES;
				GCC_WARN_ABOUT_RETURN_TYPE = YES_ERROR;
				GCC_WARN_UNDECLARED_SELECTOR = YES;
				GCC_WARN_UNINITIALIZED_AUTOS = YES_AGGRESSIVE;
				GCC_WARN_UNUSED_FUNCTION = YES;
				GCC_WARN_UNUSED_VARIABLE = YES;
				IPHONEOS_DEPLOYMENT_TARGET = 14.3;
				MTL_ENABLE_DEBUG_INFO = INCLUDE_SOURCE;
				MTL_FAST_MATH = YES;
				ONLY_ACTIVE_ARCH = YES;
				SDKROOT = iphoneos;
				SWIFT_ACTIVE_COMPILATION_CONDITIONS = DEBUG;
				SWIFT_OPTIMIZATION_LEVEL = "-Onone";
			};
			name = Debug;
		};
		46BF129D25DF2CA200DF109B /* Release */ = {
			isa = XCBuildConfiguration;
			buildSettings = {
				ALWAYS_SEARCH_USER_PATHS = NO;
				CLANG_ANALYZER_NONNULL = YES;
				CLANG_ANALYZER_NUMBER_OBJECT_CONVERSION = YES_AGGRESSIVE;
				CLANG_CXX_LANGUAGE_STANDARD = "gnu++14";
				CLANG_CXX_LIBRARY = "libc++";
				CLANG_ENABLE_MODULES = YES;
				CLANG_ENABLE_OBJC_ARC = YES;
				CLANG_ENABLE_OBJC_WEAK = YES;
				CLANG_WARN_BLOCK_CAPTURE_AUTORELEASING = YES;
				CLANG_WARN_BOOL_CONVERSION = YES;
				CLANG_WARN_COMMA = YES;
				CLANG_WARN_CONSTANT_CONVERSION = YES;
				CLANG_WARN_DEPRECATED_OBJC_IMPLEMENTATIONS = YES;
				CLANG_WARN_DIRECT_OBJC_ISA_USAGE = YES_ERROR;
				CLANG_WARN_DOCUMENTATION_COMMENTS = YES;
				CLANG_WARN_EMPTY_BODY = YES;
				CLANG_WARN_ENUM_CONVERSION = YES;
				CLANG_WARN_INFINITE_RECURSION = YES;
				CLANG_WARN_INT_CONVERSION = YES;
				CLANG_WARN_NON_LITERAL_NULL_CONVERSION = YES;
				CLANG_WARN_OBJC_IMPLICIT_RETAIN_SELF = YES;
				CLANG_WARN_OBJC_LITERAL_CONVERSION = YES;
				CLANG_WARN_OBJC_ROOT_CLASS = YES_ERROR;
				CLANG_WARN_QUOTED_INCLUDE_IN_FRAMEWORK_HEADER = YES;
				CLANG_WARN_RANGE_LOOP_ANALYSIS = YES;
				CLANG_WARN_STRICT_PROTOTYPES = YES;
				CLANG_WARN_SUSPICIOUS_MOVE = YES;
				CLANG_WARN_UNGUARDED_AVAILABILITY = YES_AGGRESSIVE;
				CLANG_WARN_UNREACHABLE_CODE = YES;
				CLANG_WARN__DUPLICATE_METHOD_MATCH = YES;
				COPY_PHASE_STRIP = NO;
				DEBUG_INFORMATION_FORMAT = "dwarf-with-dsym";
				ENABLE_NS_ASSERTIONS = NO;
				ENABLE_STRICT_OBJC_MSGSEND = YES;
				GCC_C_LANGUAGE_STANDARD = gnu11;
				GCC_NO_COMMON_BLOCKS = YES;
				GCC_WARN_64_TO_32_BIT_CONVERSION = YES;
				GCC_WARN_ABOUT_RETURN_TYPE = YES_ERROR;
				GCC_WARN_UNDECLARED_SELECTOR = YES;
				GCC_WARN_UNINITIALIZED_AUTOS = YES_AGGRESSIVE;
				GCC_WARN_UNUSED_FUNCTION = YES;
				GCC_WARN_UNUSED_VARIABLE = YES;
				IPHONEOS_DEPLOYMENT_TARGET = 14.3;
				MTL_ENABLE_DEBUG_INFO = NO;
				MTL_FAST_MATH = YES;
				SDKROOT = iphoneos;
				SWIFT_COMPILATION_MODE = wholemodule;
				SWIFT_OPTIMIZATION_LEVEL = "-O";
				VALIDATE_PRODUCT = YES;
			};
			name = Release;
		};
		46BF129F25DF2CA200DF109B /* Debug */ = {
			isa = XCBuildConfiguration;
			buildSettings = {
				ASSETCATALOG_COMPILER_APPICON_NAME = AppIcon;
				ASSETCATALOG_COMPILER_GLOBAL_ACCENT_COLOR_NAME = AccentColor;
				CODE_SIGN_STYLE = Automatic;
				DEVELOPMENT_ASSET_PATHS = "\"SwiftUI-Apple/Preview Content\"";
				DEVELOPMENT_TEAM = NL38PKJFTM;
				ENABLE_PREVIEWS = YES;
				INFOPLIST_FILE = "SwiftUI-Apple/Info.plist";
				IPHONEOS_DEPLOYMENT_TARGET = 14.0;
				LD_RUNPATH_SEARCH_PATHS = (
					"$(inherited)",
					"@executable_path/Frameworks",
				);
				PRODUCT_BUNDLE_IDENTIFIER = "com.app.SwiftUI-Apple";
				PRODUCT_NAME = "$(TARGET_NAME)";
				SWIFT_VERSION = 5.0;
				TARGETED_DEVICE_FAMILY = "1,2";
			};
			name = Debug;
		};
		46BF12A025DF2CA200DF109B /* Release */ = {
			isa = XCBuildConfiguration;
			buildSettings = {
				ASSETCATALOG_COMPILER_APPICON_NAME = AppIcon;
				ASSETCATALOG_COMPILER_GLOBAL_ACCENT_COLOR_NAME = AccentColor;
				CODE_SIGN_STYLE = Automatic;
				DEVELOPMENT_ASSET_PATHS = "\"SwiftUI-Apple/Preview Content\"";
				DEVELOPMENT_TEAM = NL38PKJFTM;
				ENABLE_PREVIEWS = YES;
				INFOPLIST_FILE = "SwiftUI-Apple/Info.plist";
				IPHONEOS_DEPLOYMENT_TARGET = 14.0;
				LD_RUNPATH_SEARCH_PATHS = (
					"$(inherited)",
					"@executable_path/Frameworks",
				);
				PRODUCT_BUNDLE_IDENTIFIER = "com.app.SwiftUI-Apple";
				PRODUCT_NAME = "$(TARGET_NAME)";
				SWIFT_VERSION = 5.0;
				TARGETED_DEVICE_FAMILY = "1,2";
			};
			name = Release;
		};
/* End XCBuildConfiguration section */

/* Begin XCConfigurationList section */
		46BE03D125E31DF5001B06C0 /* Build configuration list for PBXNativeTarget "WatchLandmarks Extension" */ = {
			isa = XCConfigurationList;
			buildConfigurations = (
				46BE03D225E31DF5001B06C0 /* Debug */,
				46BE03D325E31DF5001B06C0 /* Release */,
			);
			defaultConfigurationIsVisible = 0;
			defaultConfigurationName = Release;
		};
		46BE03D525E31DF5001B06C0 /* Build configuration list for PBXNativeTarget "WatchLandmarks" */ = {
			isa = XCConfigurationList;
			buildConfigurations = (
				46BE03D625E31DF5001B06C0 /* Debug */,
				46BE03D725E31DF5001B06C0 /* Release */,
			);
			defaultConfigurationIsVisible = 0;
			defaultConfigurationName = Release;
		};
		46BE040425E32FA0001B06C0 /* Build configuration list for PBXNativeTarget "MacLandmarks" */ = {
			isa = XCConfigurationList;
			buildConfigurations = (
				46BE040525E32FA0001B06C0 /* Debug */,
				46BE040625E32FA0001B06C0 /* Release */,
			);
			defaultConfigurationIsVisible = 0;
			defaultConfigurationName = Release;
		};
		46BF128A25DF2C9A00DF109B /* Build configuration list for PBXProject "SwiftUI-Apple" */ = {
			isa = XCConfigurationList;
			buildConfigurations = (
				46BF129C25DF2CA200DF109B /* Debug */,
				46BF129D25DF2CA200DF109B /* Release */,
			);
			defaultConfigurationIsVisible = 0;
			defaultConfigurationName = Release;
		};
		46BF129E25DF2CA200DF109B /* Build configuration list for PBXNativeTarget "SwiftUI-Apple" */ = {
			isa = XCConfigurationList;
			buildConfigurations = (
				46BF129F25DF2CA200DF109B /* Debug */,
				46BF12A025DF2CA200DF109B /* Release */,
			);
			defaultConfigurationIsVisible = 0;
			defaultConfigurationName = Release;
		};
/* End XCConfigurationList section */
	};
	rootObject = 46BF128725DF2C9A00DF109B /* Project object */;
}
